// !$*UTF8*$!
{
	archiveVersion = 1;
	classes = {
	};
	objectVersion = 56;
	objects = {

/* Begin PBXBuildFile section */
		1B1E30922B98434500F0044A /* Flowers_DeliveryApp.swift in Sources */ = {isa = PBXBuildFile; fileRef = 1B1E30912B98434500F0044A /* Flowers_DeliveryApp.swift */; };
		1B1E30942B98434500F0044A /* ContentView.swift in Sources */ = {isa = PBXBuildFile; fileRef = 1B1E30932B98434500F0044A /* ContentView.swift */; };
		1B1E30962B98434700F0044A /* Assets.xcassets in Resources */ = {isa = PBXBuildFile; fileRef = 1B1E30952B98434700F0044A /* Assets.xcassets */; };
		1B1E30992B98434700F0044A /* Preview Assets.xcassets in Resources */ = {isa = PBXBuildFile; fileRef = 1B1E30982B98434700F0044A /* Preview Assets.xcassets */; };
		1B6B90A32B99991E00715729 /* SocialMediaImageView.swift in Sources */ = {isa = PBXBuildFile; fileRef = 1B6B90A22B99991E00715729 /* SocialMediaImageView.swift */; };
		1B949A522B98BB3D006CAEF4 /* CreateAccountViewController.swift in Sources */ = {isa = PBXBuildFile; fileRef = 1B949A512B98BB3D006CAEF4 /* CreateAccountViewController.swift */; };
		1B949A552B98CB0B006CAEF4 /* RadioButton.swift in Sources */ = {isa = PBXBuildFile; fileRef = 1B949A542B98CB0B006CAEF4 /* RadioButton.swift */; };
		1B9B30852B9C3E4200CDD30D /* LoginAuthenticationService.swift in Sources */ = {isa = PBXBuildFile; fileRef = 1B9B30842B9C3E4200CDD30D /* LoginAuthenticationService.swift */; };
		1B9B30892B9C413C00CDD30D /* LoginOTPManager.swift in Sources */ = {isa = PBXBuildFile; fileRef = 1B9B30882B9C413C00CDD30D /* LoginOTPManager.swift */; };
/* End PBXBuildFile section */

/* Begin PBXFileReference section */
		1B1E308E2B98434500F0044A /* Flowers-Delivery.app */ = {isa = PBXFileReference; explicitFileType = wrapper.application; includeInIndex = 0; path = "Flowers-Delivery.app"; sourceTree = BUILT_PRODUCTS_DIR; };
		1B1E30912B98434500F0044A /* Flowers_DeliveryApp.swift */ = {isa = PBXFileReference; lastKnownFileType = sourcecode.swift; path = Flowers_DeliveryApp.swift; sourceTree = "<group>"; };
		1B1E30932B98434500F0044A /* ContentView.swift */ = {isa = PBXFileReference; lastKnownFileType = sourcecode.swift; path = ContentView.swift; sourceTree = "<group>"; };
		1B1E30952B98434700F0044A /* Assets.xcassets */ = {isa = PBXFileReference; lastKnownFileType = folder.assetcatalog; path = Assets.xcassets; sourceTree = "<group>"; };
		1B1E30982B98434700F0044A /* Preview Assets.xcassets */ = {isa = PBXFileReference; lastKnownFileType = folder.assetcatalog; path = "Preview Assets.xcassets"; sourceTree = "<group>"; };
		1B6B90A22B99991E00715729 /* SocialMediaImageView.swift */ = {isa = PBXFileReference; lastKnownFileType = sourcecode.swift; path = SocialMediaImageView.swift; sourceTree = "<group>"; };
		1B949A512B98BB3D006CAEF4 /* CreateAccountViewController.swift */ = {isa = PBXFileReference; lastKnownFileType = sourcecode.swift; path = CreateAccountViewController.swift; sourceTree = "<group>"; };
		1B949A542B98CB0B006CAEF4 /* RadioButton.swift */ = {isa = PBXFileReference; lastKnownFileType = sourcecode.swift; path = RadioButton.swift; sourceTree = "<group>"; };
		1B9B30842B9C3E4200CDD30D /* LoginAuthenticationService.swift */ = {isa = PBXFileReference; lastKnownFileType = sourcecode.swift; path = LoginAuthenticationService.swift; sourceTree = "<group>"; };
		1B9B30882B9C413C00CDD30D /* LoginOTPManager.swift */ = {isa = PBXFileReference; lastKnownFileType = sourcecode.swift; path = LoginOTPManager.swift; sourceTree = "<group>"; };
/* End PBXFileReference section */

/* Begin PBXFrameworksBuildPhase section */
		1B1E308B2B98434500F0044A /* Frameworks */ = {
			isa = PBXFrameworksBuildPhase;
			buildActionMask = 2147483647;
			files = (
			);
			runOnlyForDeploymentPostprocessing = 0;
		};
/* End PBXFrameworksBuildPhase section */

/* Begin PBXGroup section */
		1B1E30852B98434500F0044A = {
			isa = PBXGroup;
			children = (
				1B1E30902B98434500F0044A /* Flowers-Delivery */,
				1B1E308F2B98434500F0044A /* Products */,
			);
			sourceTree = "<group>";
		};
		1B1E308F2B98434500F0044A /* Products */ = {
			isa = PBXGroup;
			children = (
				1B1E308E2B98434500F0044A /* Flowers-Delivery.app */,
			);
			name = Products;
			sourceTree = "<group>";
		};
		1B1E30902B98434500F0044A /* Flowers-Delivery */ = {
			isa = PBXGroup;
			children = (
				1B949A532B98CAEB006CAEF4 /* Component */,
				1B949A502B98BB2C006CAEF4 /* View */,
				1B1E30912B98434500F0044A /* Flowers_DeliveryApp.swift */,
				1B1E30932B98434500F0044A /* ContentView.swift */,
				1B1E30952B98434700F0044A /* Assets.xcassets */,
				1B1E30972B98434700F0044A /* Preview Content */,
			);
			path = "Flowers-Delivery";
			sourceTree = "<group>";
		};
		1B1E30972B98434700F0044A /* Preview Content */ = {
			isa = PBXGroup;
			children = (
				1B1E30982B98434700F0044A /* Preview Assets.xcassets */,
			);
			path = "Preview Content";
			sourceTree = "<group>";
		};
		1B949A502B98BB2C006CAEF4 /* View */ = {
			isa = PBXGroup;
			children = (
				1B949A512B98BB3D006CAEF4 /* CreateAccountViewController.swift */,
				1B9B30842B9C3E4200CDD30D /* LoginAuthenticationService.swift */,
			);
			path = View;
			sourceTree = "<group>";
		};
		1B949A532B98CAEB006CAEF4 /* Component */ = {
			isa = PBXGroup;
			children = (
				1B949A542B98CB0B006CAEF4 /* RadioButton.swift */,
				1B6B90A22B99991E00715729 /* SocialMediaImageView.swift */,
				1B9B30882B9C413C00CDD30D /* LoginOTPManager.swift */,
			);
			path = Component;
			sourceTree = "<group>";
		};
/* End PBXGroup section */

/* Begin PBXNativeTarget section */
		1B1E308D2B98434500F0044A /* Flowers-Delivery */ = {
			isa = PBXNativeTarget;
			buildConfigurationList = 1B1E309C2B98434700F0044A /* Build configuration list for PBXNativeTarget "Flowers-Delivery" */;
			buildPhases = (
				1B1E308A2B98434500F0044A /* Sources */,
				1B1E308B2B98434500F0044A /* Frameworks */,
				1B1E308C2B98434500F0044A /* Resources */,
			);
			buildRules = (
			);
			dependencies = (
			);
			name = "Flowers-Delivery";
			productName = "Flowers-Delivery";
			productReference = 1B1E308E2B98434500F0044A /* Flowers-Delivery.app */;
			productType = "com.apple.product-type.application";
		};
/* End PBXNativeTarget section */

/* Begin PBXProject section */
		1B1E30862B98434500F0044A /* Project object */ = {
			isa = PBXProject;
			attributes = {
				BuildIndependentTargetsInParallel = 1;
				LastSwiftUpdateCheck = 1510;
				LastUpgradeCheck = 1510;
				TargetAttributes = {
					1B1E308D2B98434500F0044A = {
						CreatedOnToolsVersion = 15.1;
					};
				};
			};
			buildConfigurationList = 1B1E30892B98434500F0044A /* Build configuration list for PBXProject "Flowers-Delivery" */;
			compatibilityVersion = "Xcode 14.0";
			developmentRegion = en;
			hasScannedForEncodings = 0;
			knownRegions = (
				en,
				Base,
			);
			mainGroup = 1B1E30852B98434500F0044A;
			productRefGroup = 1B1E308F2B98434500F0044A /* Products */;
			projectDirPath = "";
			projectRoot = "";
			targets = (
				1B1E308D2B98434500F0044A /* Flowers-Delivery */,
			);
		};
/* End PBXProject section */

/* Begin PBXResourcesBuildPhase section */
		1B1E308C2B98434500F0044A /* Resources */ = {
			isa = PBXResourcesBuildPhase;
			buildActionMask = 2147483647;
			files = (
				1B1E30992B98434700F0044A /* Preview Assets.xcassets in Resources */,
				1B1E30962B98434700F0044A /* Assets.xcassets in Resources */,
			);
			runOnlyForDeploymentPostprocessing = 0;
		};
/* End PBXResourcesBuildPhase section */

/* Begin PBXSourcesBuildPhase section */
		1B1E308A2B98434500F0044A /* Sources */ = {
			isa = PBXSourcesBuildPhase;
			buildActionMask = 2147483647;
			files = (
				1B949A522B98BB3D006CAEF4 /* CreateAccountViewController.swift in Sources */,
				1B1E30942B98434500F0044A /* ContentView.swift in Sources */,
				1B9B30852B9C3E4200CDD30D /* LoginAuthenticationService.swift in Sources */,
				1B1E30922B98434500F0044A /* Flowers_DeliveryApp.swift in Sources */,
				1B6B90A32B99991E00715729 /* SocialMediaImageView.swift in Sources */,
				1B949A552B98CB0B006CAEF4 /* RadioButton.swift in Sources */,
				1B9B30892B9C413C00CDD30D /* LoginOTPManager.swift in Sources */,
			);
			runOnlyForDeploymentPostprocessing = 0;
		};
/* End PBXSourcesBuildPhase section */

/* Begin XCBuildConfiguration section */
		1B1E309A2B98434700F0044A /* Debug */ = {
			isa = XCBuildConfiguration;
			buildSettings = {
				ALWAYS_SEARCH_USER_PATHS = NO;
				ASSETCATALOG_COMPILER_GENERATE_SWIFT_ASSET_SYMBOL_EXTENSIONS = YES;
				CLANG_ANALYZER_NONNULL = YES;
				CLANG_ANALYZER_NUMBER_OBJECT_CONVERSION = YES_AGGRESSIVE;
				CLANG_CXX_LANGUAGE_STANDARD = "gnu++20";
				CLANG_ENABLE_MODULES = YES;
				CLANG_ENABLE_OBJC_ARC = YES;
				CLANG_ENABLE_OBJC_WEAK = YES;
				CLANG_WARN_BLOCK_CAPTURE_AUTORELEASING = YES;
				CLANG_WARN_BOOL_CONVERSION = YES;
				CLANG_WARN_COMMA = YES;
				CLANG_WARN_CONSTANT_CONVERSION = YES;
				CLANG_WARN_DEPRECATED_OBJC_IMPLEMENTATIONS = YES;
				CLANG_WARN_DIRECT_OBJC_ISA_USAGE = YES_ERROR;
				CLANG_WARN_DOCUMENTATION_COMMENTS = YES;
				CLANG_WARN_EMPTY_BODY = YES;
				CLANG_WARN_ENUM_CONVERSION = YES;
				CLANG_WARN_INFINITE_RECURSION = YES;
				CLANG_WARN_INT_CONVERSION = YES;
				CLANG_WARN_NON_LITERAL_NULL_CONVERSION = YES;
				CLANG_WARN_OBJC_IMPLICIT_RETAIN_SELF = YES;
				CLANG_WARN_OBJC_LITERAL_CONVERSION = YES;
				CLANG_WARN_OBJC_ROOT_CLASS = YES_ERROR;
				CLANG_WARN_QUOTED_INCLUDE_IN_FRAMEWORK_HEADER = YES;
				CLANG_WARN_RANGE_LOOP_ANALYSIS = YES;
				CLANG_WARN_STRICT_PROTOTYPES = YES;
				CLANG_WARN_SUSPICIOUS_MOVE = YES;
				CLANG_WARN_UNGUARDED_AVAILABILITY = YES_AGGRESSIVE;
				CLANG_WARN_UNREACHABLE_CODE = YES;
				CLANG_WARN__DUPLICATE_METHOD_MATCH = YES;
				COPY_PHASE_STRIP = NO;
				DEBUG_INFORMATION_FORMAT = dwarf;
				ENABLE_STRICT_OBJC_MSGSEND = YES;
				ENABLE_TESTABILITY = YES;
				ENABLE_USER_SCRIPT_SANDBOXING = YES;
				GCC_C_LANGUAGE_STANDARD = gnu17;
				GCC_DYNAMIC_NO_PIC = NO;
				GCC_NO_COMMON_BLOCKS = YES;
				GCC_OPTIMIZATION_LEVEL = 0;
				GCC_PREPROCESSOR_DEFINITIONS = (
					"DEBUG=1",
					"$(inherited)",
				);
				GCC_WARN_64_TO_32_BIT_CONVERSION = YES;
				GCC_WARN_ABOUT_RETURN_TYPE = YES_ERROR;
				GCC_WARN_UNDECLARED_SELECTOR = YES;
				GCC_WARN_UNINITIALIZED_AUTOS = YES_AGGRESSIVE;
				GCC_WARN_UNUSED_FUNCTION = YES;
				GCC_WARN_UNUSED_VARIABLE = YES;
				IPHONEOS_DEPLOYMENT_TARGET = 17.2;
				LOCALIZATION_PREFERS_STRING_CATALOGS = YES;
				MTL_ENABLE_DEBUG_INFO = INCLUDE_SOURCE;
				MTL_FAST_MATH = YES;
				ONLY_ACTIVE_ARCH = YES;
				SDKROOT = iphoneos;
				SWIFT_ACTIVE_COMPILATION_CONDITIONS = "DEBUG $(inherited)";
				SWIFT_OPTIMIZATION_LEVEL = "-Onone";
			};
			name = Debug;
		};
		1B1E309B2B98434700F0044A /* Release */ = {
			isa = XCBuildConfiguration;
			buildSettings = {
				ALWAYS_SEARCH_USER_PATHS = NO;
				ASSETCATALOG_COMPILER_GENERATE_SWIFT_ASSET_SYMBOL_EXTENSIONS = YES;
				CLANG_ANALYZER_NONNULL = YES;
				CLANG_ANALYZER_NUMBER_OBJECT_CONVERSION = YES_AGGRESSIVE;
				CLANG_CXX_LANGUAGE_STANDARD = "gnu++20";
				CLANG_ENABLE_MODULES = YES;
				CLANG_ENABLE_OBJC_ARC = YES;
				CLANG_ENABLE_OBJC_WEAK = YES;
				CLANG_WARN_BLOCK_CAPTURE_AUTORELEASING = YES;
				CLANG_WARN_BOOL_CONVERSION = YES;
				CLANG_WARN_COMMA = YES;
				CLANG_WARN_CONSTANT_CONVERSION = YES;
				CLANG_WARN_DEPRECATED_OBJC_IMPLEMENTATIONS = YES;
				CLANG_WARN_DIRECT_OBJC_ISA_USAGE = YES_ERROR;
				CLANG_WARN_DOCUMENTATION_COMMENTS = YES;
				CLANG_WARN_EMPTY_BODY = YES;
				CLANG_WARN_ENUM_CONVERSION = YES;
				CLANG_WARN_INFINITE_RECURSION = YES;
				CLANG_WARN_INT_CONVERSION = YES;
				CLANG_WARN_NON_LITERAL_NULL_CONVERSION = YES;
				CLANG_WARN_OBJC_IMPLICIT_RETAIN_SELF = YES;
				CLANG_WARN_OBJC_LITERAL_CONVERSION = YES;
				CLANG_WARN_OBJC_ROOT_CLASS = YES_ERROR;
				CLANG_WARN_QUOTED_INCLUDE_IN_FRAMEWORK_HEADER = YES;
				CLANG_WARN_RANGE_LOOP_ANALYSIS = YES;
				CLANG_WARN_STRICT_PROTOTYPES = YES;
				CLANG_WARN_SUSPICIOUS_MOVE = YES;
				CLANG_WARN_UNGUARDED_AVAILABILITY = YES_AGGRESSIVE;
				CLANG_WARN_UNREACHABLE_CODE = YES;
				CLANG_WARN__DUPLICATE_METHOD_MATCH = YES;
				COPY_PHASE_STRIP = NO;
				DEBUG_INFORMATION_FORMAT = "dwarf-with-dsym";
				ENABLE_NS_ASSERTIONS = NO;
				ENABLE_STRICT_OBJC_MSGSEND = YES;
				ENABLE_USER_SCRIPT_SANDBOXING = YES;
				GCC_C_LANGUAGE_STANDARD = gnu17;
				GCC_NO_COMMON_BLOCKS = YES;
				GCC_WARN_64_TO_32_BIT_CONVERSION = YES;
				GCC_WARN_ABOUT_RETURN_TYPE = YES_ERROR;
				GCC_WARN_UNDECLARED_SELECTOR = YES;
				GCC_WARN_UNINITIALIZED_AUTOS = YES_AGGRESSIVE;
				GCC_WARN_UNUSED_FUNCTION = YES;
				GCC_WARN_UNUSED_VARIABLE = YES;
				IPHONEOS_DEPLOYMENT_TARGET = 17.2;
				LOCALIZATION_PREFERS_STRING_CATALOGS = YES;
				MTL_ENABLE_DEBUG_INFO = NO;
				MTL_FAST_MATH = YES;
				SDKROOT = iphoneos;
				SWIFT_COMPILATION_MODE = wholemodule;
				VALIDATE_PRODUCT = YES;
			};
			name = Release;
		};
		1B1E309D2B98434700F0044A /* Debug */ = {
			isa = XCBuildConfiguration;
			buildSettings = {
				ASSETCATALOG_COMPILER_APPICON_NAME = AppIcon;
				ASSETCATALOG_COMPILER_GLOBAL_ACCENT_COLOR_NAME = AccentColor;
				CODE_SIGN_STYLE = Automatic;
				CURRENT_PROJECT_VERSION = 1;
				DEVELOPMENT_ASSET_PATHS = "\"Flowers-Delivery/Preview Content\"";
				DEVELOPMENT_TEAM = 76LPK545XT;
				ENABLE_PREVIEWS = YES;
				GENERATE_INFOPLIST_FILE = YES;
				INFOPLIST_KEY_UIApplicationSceneManifest_Generation = YES;
				INFOPLIST_KEY_UIApplicationSupportsIndirectInputEvents = YES;
				INFOPLIST_KEY_UILaunchScreen_Generation = YES;
				INFOPLIST_KEY_UISupportedInterfaceOrientations_iPad = "UIInterfaceOrientationPortrait UIInterfaceOrientationPortraitUpsideDown UIInterfaceOrientationLandscapeLeft UIInterfaceOrientationLandscapeRight";
				INFOPLIST_KEY_UISupportedInterfaceOrientations_iPhone = "UIInterfaceOrientationPortrait UIInterfaceOrientationLandscapeLeft UIInterfaceOrientationLandscapeRight";
				LD_RUNPATH_SEARCH_PATHS = (
					"$(inherited)",
					"@executable_path/Frameworks",
				);
				MARKETING_VERSION = 1.0;
				PRODUCT_BUNDLE_IDENTIFIER = "Flowers.com.Flowers-Delivery";
				PRODUCT_NAME = "$(TARGET_NAME)";
				SWIFT_EMIT_LOC_STRINGS = YES;
				SWIFT_VERSION = 5.0;
				TARGETED_DEVICE_FAMILY = "1,2";
			};
			name = Debug;
		};
		1B1E309E2B98434700F0044A /* Release */ = {
			isa = XCBuildConfiguration;
			buildSettings = {
				ASSETCATALOG_COMPILER_APPICON_NAME = AppIcon;
				ASSETCATALOG_COMPILER_GLOBAL_ACCENT_COLOR_NAME = AccentColor;
				CODE_SIGN_STYLE = Automatic;
				CURRENT_PROJECT_VERSION = 1;
				DEVELOPMENT_ASSET_PATHS = "\"Flowers-Delivery/Preview Content\"";
				DEVELOPMENT_TEAM = 76LPK545XT;
				ENABLE_PREVIEWS = YES;
				GENERATE_INFOPLIST_FILE = YES;
				INFOPLIST_KEY_UIApplicationSceneManifest_Generation = YES;
				INFOPLIST_KEY_UIApplicationSupportsIndirectInputEvents = YES;
				INFOPLIST_KEY_UILaunchScreen_Generation = YES;
				INFOPLIST_KEY_UISupportedInterfaceOrientations_iPad = "UIInterfaceOrientationPortrait UIInterfaceOrientationPortraitUpsideDown UIInterfaceOrientationLandscapeLeft UIInterfaceOrientationLandscapeRight";
				INFOPLIST_KEY_UISupportedInterfaceOrientations_iPhone = "UIInterfaceOrientationPortrait UIInterfaceOrientationLandscapeLeft UIInterfaceOrientationLandscapeRight";
				LD_RUNPATH_SEARCH_PATHS = (
					"$(inherited)",
					"@executable_path/Frameworks",
				);
				MARKETING_VERSION = 1.0;
				PRODUCT_BUNDLE_IDENTIFIER = "Flowers.com.Flowers-Delivery";
				PRODUCT_NAME = "$(TARGET_NAME)";
				SWIFT_EMIT_LOC_STRINGS = YES;
				SWIFT_VERSION = 5.0;
				TARGETED_DEVICE_FAMILY = "1,2";
			};
			name = Release;
		};
/* End XCBuildConfiguration section */

/* Begin XCConfigurationList section */
		1B1E30892B98434500F0044A /* Build configuration list for PBXProject "Flowers-Delivery" */ = {
			isa = XCConfigurationList;
			buildConfigurations = (
				1B1E309A2B98434700F0044A /* Debug */,
				1B1E309B2B98434700F0044A /* Release */,
			);
			defaultConfigurationIsVisible = 0;
			defaultConfigurationName = Release;
		};
		1B1E309C2B98434700F0044A /* Build configuration list for PBXNativeTarget "Flowers-Delivery" */ = {
			isa = XCConfigurationList;
			buildConfigurations = (
				1B1E309D2B98434700F0044A /* Debug */,
				1B1E309E2B98434700F0044A /* Release */,
			);
			defaultConfigurationIsVisible = 0;
			defaultConfigurationName = Release;
		};
/* End XCConfigurationList section */
	};
	rootObject = 1B1E30862B98434500F0044A /* Project object */;
}
